
Microsoft Visual Studio Solution File, Format Version 12.00
# Visual Studio Version 17
VisualStudioVersion = 17.5.33414.496
MinimumVisualStudioVersion = 10.0.40219.1
Project("{FAE04EC0-301F-11D3-BF4B-00C04F79EFBC}") = "BlazorApp.Server", "Server\BlazorApp.Server.csproj", "{11EDF3FB-7744-4A13-9527-A5998647B862}"
EndProject
Project("{FAE04EC0-301F-11D3-BF4B-00C04F79EFBC}") = "BlazorApp.Client", "Client\BlazorApp.Client.csproj", "{77B80140-7F1E-4D2D-AECD-48B0842EC00A}"
EndProject
Project("{FAE04EC0-301F-11D3-BF4B-00C04F79EFBC}") = "BlazorApp.Shared", "Shared\BlazorApp.Shared.csproj", "{D841519A-70F3-4ECF-9E23-91970D2A9DDF}"
EndProject
Project("{FAE04EC0-301F-11D3-BF4B-00C04F79EFBC}") = "BlazorApp.Server.Configuration", "BlazorApp.Server.Configuration\BlazorApp.Server.Configuration.csproj", "{1CCE7E34-208F-42ED-841E-7183B655B9E4}"
EndProject
Global
	GlobalSection(SolutionConfigurationPlatforms) = preSolution
		Debug|Any CPU = Debug|Any CPU
		Release|Any CPU = Release|Any CPU
	EndGlobalSection
	GlobalSection(ProjectConfigurationPlatforms) = postSolution
		{11EDF3FB-7744-4A13-9527-A5998647B862}.Debug|Any CPU.ActiveCfg = Debug|Any CPU
		{11EDF3FB-7744-4A13-9527-A5998647B862}.Debug|Any CPU.Build.0 = Debug|Any CPU
		{11EDF3FB-7744-4A13-9527-A5998647B862}.Release|Any CPU.ActiveCfg = Release|Any CPU
		{11EDF3FB-7744-4A13-9527-A5998647B862}.Release|Any CPU.Build.0 = Release|Any CPU
		{77B80140-7F1E-4D2D-AECD-48B0842EC00A}.Debug|Any CPU.ActiveCfg = Debug|Any CPU
		{77B80140-7F1E-4D2D-AECD-48B0842EC00A}.Debug|Any CPU.Build.0 = Debug|Any CPU
		{77B80140-7F1E-4D2D-AECD-48B0842EC00A}.Release|Any CPU.ActiveCfg = Release|Any CPU
		{77B80140-7F1E-4D2D-AECD-48B0842EC00A}.Release|Any CPU.Build.0 = Release|Any CPU
		{D841519A-70F3-4ECF-9E23-91970D2A9DDF}.Debug|Any CPU.ActiveCfg = Debug|Any CPU
		{D841519A-70F3-4ECF-9E23-91970D2A9DDF}.Debug|Any CPU.Build.0 = Debug|Any CPU
		{D841519A-70F3-4ECF-9E23-91970D2A9DDF}.Release|Any CPU.ActiveCfg = Release|Any CPU
		{D841519A-70F3-4ECF-9E23-91970D2A9DDF}.Release|Any CPU.Build.0 = Release|Any CPU
		{1CCE7E34-208F-42ED-841E-7183B655B9E4}.Debug|Any CPU.ActiveCfg = Debug|Any CPU
		{1CCE7E34-208F-42ED-841E-7183B655B9E4}.Debug|Any CPU.Build.0 = Debug|Any CPU
		{1CCE7E34-208F-42ED-841E-7183B655B9E4}.Release|Any CPU.ActiveCfg = Release|Any CPU
		{1CCE7E34-208F-42ED-841E-7183B655B9E4}.Release|Any CPU.Build.0 = Release|Any CPU
	EndGlobalSection
	GlobalSection(SolutionProperties) = preSolution
		HideSolutionNode = FALSE
	EndGlobalSection
	GlobalSection(ExtensibilityGlobals) = postSolution
		SolutionGuid = {F29EF27A-7872-477B-9AAF-59D2838B18AA}
	EndGlobalSection
EndGlobal
